{
  "nodes": {
    "flake-utils": {
      "inputs": {
        "systems": "systems"
      },
      "locked": {
        "lastModified": 1731533236,
        "narHash": "sha256-l0KFg5HjrsfsO/JpG+r7fRrqm12kzFHyUHqHCVpMMbI=",
        "owner": "numtide",
        "repo": "flake-utils",
        "rev": "11707dc2f618dd54ca8739b309ec4fc024de578b",
        "type": "github"
      },
      "original": {
        "owner": "numtide",
        "repo": "flake-utils",
        "type": "github"
      }
    },
    "kak-active-window": {
      "flake": false,
      "locked": {
        "lastModified": 1668444692,
        "narHash": "sha256-6GLt9g20ddbXb29Vdl0YXFDWC73qip9cVU8EgdNlYbs=",
        "owner": "greenfork",
        "repo": "active-window.kak",
        "rev": "36bf0364eed856a52cddf274072e9f255902c0ee",
        "type": "github"
      },
      "original": {
        "owner": "greenfork",
        "repo": "active-window.kak",
        "type": "github"
      }
    },
    "kak-wakatime": {
      "flake": false,
      "locked": {
        "lastModified": 1710500694,
        "narHash": "sha256-jdj61CzhlYtxDVGMtYnmZI00cysRNyLc/cu752uHB4w=",
        "owner": "wakatime",
        "repo": "kakoune-wakatime",
        "rev": "88b45d294a4ceef1a18b2ff0f72b8e2acaf5cc82",
        "type": "github"
      },
      "original": {
        "owner": "wakatime",
        "repo": "kakoune-wakatime",
        "type": "github"
      }
    },
    "kakoune": {
      "flake": false,
      "locked": {
        "lastModified": 1784629779,
        "narHash": "sha256-BRl+YxRFMqVezhgE7bQRRD6fkoID5n/XOZI+8RzVaOs=",
        "owner": "mawww",
        "repo": "kakoune",
        "rev": "58ed23c4eb13350e65c74ccd44679605b7e22529",
        "type": "github"
      },
      "original": {
        "owner": "mawww",
        "repo": "kakoune",
        "type": "github"
      }
    },
    "nixpkgs": {
      "locked": {
        "lastModified": 1784497964,
        "narHash": "sha256-vlHUuqAcbcH2RKmHbPiuQzbv1pnzzavXnI62RD0bqCU=",
        "owner": "NixOS",
        "repo": "nixpkgs",
        "rev": "241313f4e8e508cb9b13278c2b0fa25b9ca27163",
        "type": "github"
      },
      "original": {
        "owner": "NixOS",
        "ref": "nixos-unstable",
        "repo": "nixpkgs",
        "type": "github"
      }
    },
    "root": {
      "inputs": {
        "flake-utils": "flake-utils",
        "kak-active-window": "kak-active-window",
        "kak-wakatime": "kak-wakatime",
        "kakoune": "kakoune",
        "nixpkgs": "nixpkgs"
      }
    },
    "systems": {
      "locked": {
        "lastModified": 1681028828,
        "narHash": "sha256-Vy1rq5AaRuLzOxct8nz4T6wlgyUR7zLU309k9mBC768=",
        "owner": "nix-systems",
        "repo": "default",
        "rev": "da67096a3b9bf56a91d16901293e51ba5b49a27e",
        "type": "github"
      },
      "original": {
        "owner": "nix-systems",
        "repo": "default",
        "type": "github"
      }
    }
  },
  "root": "root",
  "version": 7
}
