{
  "nodes": {
    "flake-utils": {
      "inputs": {
        "systems": "systems"
      },
      "locked": {
        "lastModified": 1731533236,
        "narHash": "sha256-l0KFg5HjrsfsO/JpG+r7fRrqm12kzFHyUHqHCVpMMbI=",
        "owner": "numtide",
        "repo": "flake-utils",
        "rev": "11707dc2f618dd54ca8739b309ec4fc024de578b",
        "type": "github"
      },
      "original": {
        "owner": "numtide",
        "repo": "flake-utils",
        "type": "github"
      }
    },
    "kak-active-window": {
      "flake": false,
      "locked": {
        "lastModified": 1668444692,
        "narHash": "sha256-6GLt9g20ddbXb29Vdl0YXFDWC73qip9cVU8EgdNlYbs=",
        "owner": "greenfork",
        "repo": "active-window.kak",
        "rev": "36bf0364eed856a52cddf274072e9f255902c0ee",
        "type": "github"
      },
      "original": {
        "owner": "greenfork",
        "repo": "active-window.kak",
        "type": "github"
      }
    },
    "kak-wakatime": {
      "flake": false,
      "locked": {
        "lastModified": 1648487078,
        "narHash": "sha256-juDRQ+ICJUOKa2HPk7JiMd/h+V2tKa9rfTquvaZHHcw=",
        "owner": "WhatNodyn",
        "repo": "kakoune-wakatime",
        "rev": "d3529c13c9227b2de89e4cd53ada43a5b83d7844",
        "type": "github"
      },
      "original": {
        "owner": "WhatNodyn",
        "repo": "kakoune-wakatime",
        "type": "github"
      }
    },
    "kakoune": {
      "flake": false,
      "locked": {
        "lastModified": 1735105189,
        "narHash": "sha256-KDicbaJLJsiCS4KpyydU5FQT2BGAkxXZutgdbCsGze4=",
        "owner": "mawww",
        "repo": "kakoune",
        "rev": "54084900624493033cb24640d864c109cdac40a7",
        "type": "github"
      },
      "original": {
        "owner": "mawww",
        "repo": "kakoune",
        "type": "github"
      }
    },
    "nixpkgs": {
      "locked": {
        "lastModified": 1735834308,
        "narHash": "sha256-dklw3AXr3OGO4/XT1Tu3Xz9n/we8GctZZ75ZWVqAVhk=",
        "owner": "NixOS",
        "repo": "nixpkgs",
        "rev": "6df24922a1400241dae323af55f30e4318a6ca65",
        "type": "github"
      },
      "original": {
        "owner": "NixOS",
        "ref": "nixos-unstable",
        "repo": "nixpkgs",
        "type": "github"
      }
    },
    "root": {
      "inputs": {
        "flake-utils": "flake-utils",
        "kak-active-window": "kak-active-window",
        "kak-wakatime": "kak-wakatime",
        "kakoune": "kakoune",
        "nixpkgs": "nixpkgs"
      }
    },
    "systems": {
      "locked": {
        "lastModified": 1681028828,
        "narHash": "sha256-Vy1rq5AaRuLzOxct8nz4T6wlgyUR7zLU309k9mBC768=",
        "owner": "nix-systems",
        "repo": "default",
        "rev": "da67096a3b9bf56a91d16901293e51ba5b49a27e",
        "type": "github"
      },
      "original": {
        "owner": "nix-systems",
        "repo": "default",
        "type": "github"
      }
    }
  },
  "root": "root",
  "version": 7
}
